// !$*UTF8*$!
{
	archiveVersion = 1;
	classes = {
	};
	objectVersion = 50;
	objects = {

/* Begin PBXBuildFile section */
		F838A08E2241EF5E007E6109 /* BlinkingFaceViewController.swift in Sources */ = {isa = PBXBuildFile; fileRef = F838A08D2241EF5E007E6109 /* BlinkingFaceViewController.swift */; };
		F838A0902241F39D007E6109 /* EyeView.swift in Sources */ = {isa = PBXBuildFile; fileRef = F838A08F2241F39D007E6109 /* EyeView.swift */; };
		F8A3771C222D1BF70082E167 /* AppDelegate.swift in Sources */ = {isa = PBXBuildFile; fileRef = F8A3771B222D1BF70082E167 /* AppDelegate.swift */; };
		F8A3771E222D1BF70082E167 /* FaceViewController.swift in Sources */ = {isa = PBXBuildFile; fileRef = F8A3771D222D1BF70082E167 /* FaceViewController.swift */; };
		F8A37721222D1BF70082E167 /* Main.storyboard in Resources */ = {isa = PBXBuildFile; fileRef = F8A3771F222D1BF70082E167 /* Main.storyboard */; };
		F8A37723222D1BFC0082E167 /* Assets.xcassets in Resources */ = {isa = PBXBuildFile; fileRef = F8A37722222D1BFC0082E167 /* Assets.xcassets */; };
		F8A37726222D1BFC0082E167 /* LaunchScreen.storyboard in Resources */ = {isa = PBXBuildFile; fileRef = F8A37724222D1BFC0082E167 /* LaunchScreen.storyboard */; };
		F8A3772F222D1C8B0082E167 /* FaceView.swift in Sources */ = {isa = PBXBuildFile; fileRef = F8A3772E222D1C8B0082E167 /* FaceView.swift */; };
		F8A37732222E81AA0082E167 /* FacialExpression.swift in Sources */ = {isa = PBXBuildFile; fileRef = F8A37731222E81AA0082E167 /* FacialExpression.swift */; };
		F8A59AB1228574F900CCD4CC /* ExpressionEditorViewController.swift in Sources */ = {isa = PBXBuildFile; fileRef = F8A59AB0228574F900CCD4CC /* ExpressionEditorViewController.swift */; };
		F8D98AF2222FA7FB00C3C5C0 /* EmotionsViewController.swift in Sources */ = {isa = PBXBuildFile; fileRef = F8D98AF1222FA7FB00C3C5C0 /* EmotionsViewController.swift */; };
/* End PBXBuildFile section */

/* Begin PBXFileReference section */
		F838A08D2241EF5E007E6109 /* BlinkingFaceViewController.swift */ = {isa = PBXFileReference; lastKnownFileType = sourcecode.swift; path = BlinkingFaceViewController.swift; sourceTree = "<group>"; };
		F838A08F2241F39D007E6109 /* EyeView.swift */ = {isa = PBXFileReference; lastKnownFileType = sourcecode.swift; path = EyeView.swift; sourceTree = "<group>"; };
		F8A37718222D1BF70082E167 /* faceIt.app */ = {isa = PBXFileReference; explicitFileType = wrapper.application; includeInIndex = 0; path = faceIt.app; sourceTree = BUILT_PRODUCTS_DIR; };
		F8A3771B222D1BF70082E167 /* AppDelegate.swift */ = {isa = PBXFileReference; lastKnownFileType = sourcecode.swift; path = AppDelegate.swift; sourceTree = "<group>"; };
		F8A3771D222D1BF70082E167 /* FaceViewController.swift */ = {isa = PBXFileReference; lastKnownFileType = sourcecode.swift; path = FaceViewController.swift; sourceTree = "<group>"; };
		F8A37720222D1BF70082E167 /* Base */ = {isa = PBXFileReference; lastKnownFileType = file.storyboard; name = Base; path = Base.lproj/Main.storyboard; sourceTree = "<group>"; };
		F8A37722222D1BFC0082E167 /* Assets.xcassets */ = {isa = PBXFileReference; lastKnownFileType = folder.assetcatalog; path = Assets.xcassets; sourceTree = "<group>"; };
		F8A37725222D1BFC0082E167 /* Base */ = {isa = PBXFileReference; lastKnownFileType = file.storyboard; name = Base; path = Base.lproj/LaunchScreen.storyboard; sourceTree = "<group>"; };
		F8A37727222D1BFC0082E167 /* Info.plist */ = {isa = PBXFileReference; lastKnownFileType = text.plist.xml; path = Info.plist; sourceTree = "<group>"; };
		F8A3772E222D1C8B0082E167 /* FaceView.swift */ = {isa = PBXFileReference; lastKnownFileType = sourcecode.swift; path = FaceView.swift; sourceTree = "<group>"; };
		F8A37731222E81AA0082E167 /* FacialExpression.swift */ = {isa = PBXFileReference; lastKnownFileType = sourcecode.swift; path = FacialExpression.swift; sourceTree = "<group>"; };
		F8A59AB0228574F900CCD4CC /* ExpressionEditorViewController.swift */ = {isa = PBXFileReference; lastKnownFileType = sourcecode.swift; path = ExpressionEditorViewController.swift; sourceTree = "<group>"; };
		F8D98AF1222FA7FB00C3C5C0 /* EmotionsViewController.swift */ = {isa = PBXFileReference; lastKnownFileType = sourcecode.swift; path = EmotionsViewController.swift; sourceTree = "<group>"; };
/* End PBXFileReference section */

/* Begin PBXFrameworksBuildPhase section */
		F8A37715222D1BF70082E167 /* Frameworks */ = {
			isa = PBXFrameworksBuildPhase;
			buildActionMask = 2147483647;
			files = (
			);
			runOnlyForDeploymentPostprocessing = 0;
		};
/* End PBXFrameworksBuildPhase section */

/* Begin PBXGroup section */
		F8A3770F222D1BF70082E167 = {
			isa = PBXGroup;
			children = (
				F8A3771A222D1BF70082E167 /* faceIt */,
				F8A37719222D1BF70082E167 /* Products */,
			);
			sourceTree = "<group>";
		};
		F8A37719222D1BF70082E167 /* Products */ = {
			isa = PBXGroup;
			children = (
				F8A37718222D1BF70082E167 /* faceIt.app */,
			);
			name = Products;
			sourceTree = "<group>";
		};
		F8A3771A222D1BF70082E167 /* faceIt */ = {
			isa = PBXGroup;
			children = (
				F8A3771D222D1BF70082E167 /* FaceViewController.swift */,
				F838A08D2241EF5E007E6109 /* BlinkingFaceViewController.swift */,
				F838A08F2241F39D007E6109 /* EyeView.swift */,
				F8A3772E222D1C8B0082E167 /* FaceView.swift */,
				F8A37731222E81AA0082E167 /* FacialExpression.swift */,
				F8D98AF1222FA7FB00C3C5C0 /* EmotionsViewController.swift */,
				F8A59AB0228574F900CCD4CC /* ExpressionEditorViewController.swift */,
				F8A3771F222D1BF70082E167 /* Main.storyboard */,
				F8A37730222D30B30082E167 /* Supporttings */,
			);
			path = faceIt;
			sourceTree = "<group>";
		};
		F8A37730222D30B30082E167 /* Supporttings */ = {
			isa = PBXGroup;
			children = (
				F8A37727222D1BFC0082E167 /* Info.plist */,
				F8A3771B222D1BF70082E167 /* AppDelegate.swift */,
				F8A37722222D1BFC0082E167 /* Assets.xcassets */,
				F8A37724222D1BFC0082E167 /* LaunchScreen.storyboard */,
			);
			name = Supporttings;
			sourceTree = "<group>";
		};
/* End PBXGroup section */

/* Begin PBXNativeTarget section */
		F8A37717222D1BF70082E167 /* faceIt */ = {
			isa = PBXNativeTarget;
			buildConfigurationList = F8A3772A222D1BFC0082E167 /* Build configuration list for PBXNativeTarget "faceIt" */;
			buildPhases = (
				F8A37714222D1BF70082E167 /* Sources */,
				F8A37715222D1BF70082E167 /* Frameworks */,
				F8A37716222D1BF70082E167 /* Resources */,
			);
			buildRules = (
			);
			dependencies = (
			);
			name = faceIt;
			productName = faceIt;
			productReference = F8A37718222D1BF70082E167 /* faceIt.app */;
			productType = "com.apple.product-type.application";
		};
/* End PBXNativeTarget section */

/* Begin PBXProject section */
		F8A37710222D1BF70082E167 /* Project object */ = {
			isa = PBXProject;
			attributes = {
				LastSwiftUpdateCheck = 1010;
				LastUpgradeCheck = 1010;
				ORGANIZATIONNAME = "JiaShu Huang";
				TargetAttributes = {
					F8A37717222D1BF70082E167 = {
						CreatedOnToolsVersion = 10.1;
					};
				};
			};
			buildConfigurationList = F8A37713222D1BF70082E167 /* Build configuration list for PBXProject "faceIt" */;
			compatibilityVersion = "Xcode 9.3";
			developmentRegion = en;
			hasScannedForEncodings = 0;
			knownRegions = (
				en,
				Base,
			);
			mainGroup = F8A3770F222D1BF70082E167;
			productRefGroup = F8A37719222D1BF70082E167 /* Products */;
			projectDirPath = "";
			projectRoot = "";
			targets = (
				F8A37717222D1BF70082E167 /* faceIt */,
			);
		};
/* End PBXProject section */

/* Begin PBXResourcesBuildPhase section */
		F8A37716222D1BF70082E167 /* Resources */ = {
			isa = PBXResourcesBuildPhase;
			buildActionMask = 2147483647;
			files = (
				F8A37726222D1BFC0082E167 /* LaunchScreen.storyboard in Resources */,
				F8A37723222D1BFC0082E167 /* Assets.xcassets in Resources */,
				F8A37721222D1BF70082E167 /* Main.storyboard in Resources */,
			);
			runOnlyForDeploymentPostprocessing = 0;
		};
/* End PBXResourcesBuildPhase section */

/* Begin PBXSourcesBuildPhase section */
		F8A37714222D1BF70082E167 /* Sources */ = {
			isa = PBXSourcesBuildPhase;
			buildActionMask = 2147483647;
			files = (
				F838A0902241F39D007E6109 /* EyeView.swift in Sources */,
				F8A3771E222D1BF70082E167 /* FaceViewController.swift in Sources */,
				F8A37732222E81AA0082E167 /* FacialExpression.swift in Sources */,
				F838A08E2241EF5E007E6109 /* BlinkingFaceViewController.swift in Sources */,
				F8D98AF2222FA7FB00C3C5C0 /* EmotionsViewController.swift in Sources */,
				F8A59AB1228574F900CCD4CC /* ExpressionEditorViewController.swift in Sources */,
				F8A3771C222D1BF70082E167 /* AppDelegate.swift in Sources */,
				F8A3772F222D1C8B0082E167 /* FaceView.swift in Sources */,
			);
			runOnlyForDeploymentPostprocessing = 0;
		};
/* End PBXSourcesBuildPhase section */

/* Begin PBXVariantGroup section */
		F8A3771F222D1BF70082E167 /* Main.storyboard */ = {
			isa = PBXVariantGroup;
			children = (
				F8A37720222D1BF70082E167 /* Base */,
			);
			name = Main.storyboard;
			sourceTree = "<group>";
		};
		F8A37724222D1BFC0082E167 /* LaunchScreen.storyboard */ = {
			isa = PBXVariantGroup;
			children = (
				F8A37725222D1BFC0082E167 /* Base */,
			);
			name = LaunchScreen.storyboard;
			sourceTree = "<group>";
		};
/* End PBXVariantGroup section */

/* Begin XCBuildConfiguration section */
		F8A37728222D1BFC0082E167 /* Debug */ = {
			isa = XCBuildConfiguration;
			buildSettings = {
				ALWAYS_SEARCH_USER_PATHS = NO;
				CLANG_ANALYZER_NONNULL = YES;
				CLANG_ANALYZER_NUMBER_OBJECT_CONVERSION = YES_AGGRESSIVE;
				CLANG_CXX_LANGUAGE_STANDARD = "gnu++14";
				CLANG_CXX_LIBRARY = "libc++";
				CLANG_ENABLE_MODULES = YES;
				CLANG_ENABLE_OBJC_ARC = YES;
				CLANG_ENABLE_OBJC_WEAK = YES;
				CLANG_WARN_BLOCK_CAPTURE_AUTORELEASING = YES;
				CLANG_WARN_BOOL_CONVERSION = YES;
				CLANG_WARN_COMMA = YES;
				CLANG_WARN_CONSTANT_CONVERSION = YES;
				CLANG_WARN_DEPRECATED_OBJC_IMPLEMENTATIONS = YES;
				CLANG_WARN_DIRECT_OBJC_ISA_USAGE = YES_ERROR;
				CLANG_WARN_DOCUMENTATION_COMMENTS = YES;
				CLANG_WARN_EMPTY_BODY = YES;
				CLANG_WARN_ENUM_CONVERSION = YES;
				CLANG_WARN_INFINITE_RECURSION = YES;
				CLANG_WARN_INT_CONVERSION = YES;
				CLANG_WARN_NON_LITERAL_NULL_CONVERSION = YES;
				CLANG_WARN_OBJC_IMPLICIT_RETAIN_SELF = YES;
				CLANG_WARN_OBJC_LITERAL_CONVERSION = YES;
				CLANG_WARN_OBJC_ROOT_CLASS = YES_ERROR;
				CLANG_WARN_RANGE_LOOP_ANALYSIS = YES;
				CLANG_WARN_STRICT_PROTOTYPES = YES;
				CLANG_WARN_SUSPICIOUS_MOVE = YES;
				CLANG_WARN_UNGUARDED_AVAILABILITY = YES_AGGRESSIVE;
				CLANG_WARN_UNREACHABLE_CODE = YES;
				CLANG_WARN__DUPLICATE_METHOD_MATCH = YES;
				CODE_SIGN_IDENTITY = "iPhone Developer";
				COPY_PHASE_STRIP = NO;
				DEBUG_INFORMATION_FORMAT = dwarf;
				ENABLE_STRICT_OBJC_MSGSEND = YES;
				ENABLE_TESTABILITY = YES;
				GCC_C_LANGUAGE_STANDARD = gnu11;
				GCC_DYNAMIC_NO_PIC = NO;
				GCC_NO_COMMON_BLOCKS = YES;
				GCC_OPTIMIZATION_LEVEL = 0;
				GCC_PREPROCESSOR_DEFINITIONS = (
					"DEBUG=1",
					"$(inherited)",
				);
				GCC_WARN_64_TO_32_BIT_CONVERSION = YES;
				GCC_WARN_ABOUT_RETURN_TYPE = YES_ERROR;
				GCC_WARN_UNDECLARED_SELECTOR = YES;
				GCC_WARN_UNINITIALIZED_AUTOS = YES_AGGRESSIVE;
				GCC_WARN_UNUSED_FUNCTION = YES;
				GCC_WARN_UNUSED_VARIABLE = YES;
				IPHONEOS_DEPLOYMENT_TARGET = 12.1;
				MTL_ENABLE_DEBUG_INFO = INCLUDE_SOURCE;
				MTL_FAST_MATH = YES;
				ONLY_ACTIVE_ARCH = YES;
				SDKROOT = iphoneos;
				SWIFT_ACTIVE_COMPILATION_CONDITIONS = DEBUG;
				SWIFT_OPTIMIZATION_LEVEL = "-Onone";
			};
			name = Debug;
		};
		F8A37729222D1BFC0082E167 /* Release */ = {
			isa = XCBuildConfiguration;
			buildSettings = {
				ALWAYS_SEARCH_USER_PATHS = NO;
				CLANG_ANALYZER_NONNULL = YES;
				CLANG_ANALYZER_NUMBER_OBJECT_CONVERSION = YES_AGGRESSIVE;
				CLANG_CXX_LANGUAGE_STANDARD = "gnu++14";
				CLANG_CXX_LIBRARY = "libc++";
				CLANG_ENABLE_MODULES = YES;
				CLANG_ENABLE_OBJC_ARC = YES;
				CLANG_ENABLE_OBJC_WEAK = YES;
				CLANG_WARN_BLOCK_CAPTURE_AUTORELEASING = YES;
				CLANG_WARN_BOOL_CONVERSION = YES;
				CLANG_WARN_COMMA = YES;
				CLANG_WARN_CONSTANT_CONVERSION = YES;
				CLANG_WARN_DEPRECATED_OBJC_IMPLEMENTATIONS = YES;
				CLANG_WARN_DIRECT_OBJC_ISA_USAGE = YES_ERROR;
				CLANG_WARN_DOCUMENTATION_COMMENTS = YES;
				CLANG_WARN_EMPTY_BODY = YES;
				CLANG_WARN_ENUM_CONVERSION = YES;
				CLANG_WARN_INFINITE_RECURSION = YES;
				CLANG_WARN_INT_CONVERSION = YES;
				CLANG_WARN_NON_LITERAL_NULL_CONVERSION = YES;
				CLANG_WARN_OBJC_IMPLICIT_RETAIN_SELF = YES;
				CLANG_WARN_OBJC_LITERAL_CONVERSION = YES;
				CLANG_WARN_OBJC_ROOT_CLASS = YES_ERROR;
				CLANG_WARN_RANGE_LOOP_ANALYSIS = YES;
				CLANG_WARN_STRICT_PROTOTYPES = YES;
				CLANG_WARN_SUSPICIOUS_MOVE = YES;
				CLANG_WARN_UNGUARDED_AVAILABILITY = YES_AGGRESSIVE;
				CLANG_WARN_UNREACHABLE_CODE = YES;
				CLANG_WARN__DUPLICATE_METHOD_MATCH = YES;
				CODE_SIGN_IDENTITY = "iPhone Developer";
				COPY_PHASE_STRIP = NO;
				DEBUG_INFORMATION_FORMAT = "dwarf-with-dsym";
				ENABLE_NS_ASSERTIONS = NO;
				ENABLE_STRICT_OBJC_MSGSEND = YES;
				GCC_C_LANGUAGE_STANDARD = gnu11;
				GCC_NO_COMMON_BLOCKS = YES;
				GCC_WARN_64_TO_32_BIT_CONVERSION = YES;
				GCC_WARN_ABOUT_RETURN_TYPE = YES_ERROR;
				GCC_WARN_UNDECLARED_SELECTOR = YES;
				GCC_WARN_UNINITIALIZED_AUTOS = YES_AGGRESSIVE;
				GCC_WARN_UNUSED_FUNCTION = YES;
				GCC_WARN_UNUSED_VARIABLE = YES;
				IPHONEOS_DEPLOYMENT_TARGET = 12.1;
				MTL_ENABLE_DEBUG_INFO = NO;
				MTL_FAST_MATH = YES;
				SDKROOT = iphoneos;
				SWIFT_COMPILATION_MODE = wholemodule;
				SWIFT_OPTIMIZATION_LEVEL = "-O";
				VALIDATE_PRODUCT = YES;
			};
			name = Release;
		};
		F8A3772B222D1BFC0082E167 /* Debug */ = {
			isa = XCBuildConfiguration;
			buildSettings = {
				ASSETCATALOG_COMPILER_APPICON_NAME = AppIcon;
				CODE_SIGN_STYLE = Automatic;
				INFOPLIST_FILE = faceIt/Info.plist;
				LD_RUNPATH_SEARCH_PATHS = (
					"$(inherited)",
					"@executable_path/Frameworks",
				);
				PRODUCT_BUNDLE_IDENTIFIER = com.huajiashu.faceIt;
				PRODUCT_NAME = "$(TARGET_NAME)";
				SWIFT_VERSION = 4.2;
				TARGETED_DEVICE_FAMILY = "1,2";
			};
			name = Debug;
		};
		F8A3772C222D1BFC0082E167 /* Release */ = {
			isa = XCBuildConfiguration;
			buildSettings = {
				ASSETCATALOG_COMPILER_APPICON_NAME = AppIcon;
				CODE_SIGN_STYLE = Automatic;
				INFOPLIST_FILE = faceIt/Info.plist;
				LD_RUNPATH_SEARCH_PATHS = (
					"$(inherited)",
					"@executable_path/Frameworks",
				);
				PRODUCT_BUNDLE_IDENTIFIER = com.huajiashu.faceIt;
				PRODUCT_NAME = "$(TARGET_NAME)";
				SWIFT_VERSION = 4.2;
				TARGETED_DEVICE_FAMILY = "1,2";
			};
			name = Release;
		};
/* End XCBuildConfiguration section */

/* Begin XCConfigurationList section */
		F8A37713222D1BF70082E167 /* Build configuration list for PBXProject "faceIt" */ = {
			isa = XCConfigurationList;
			buildConfigurations = (
				F8A37728222D1BFC0082E167 /* Debug */,
				F8A37729222D1BFC0082E167 /* Release */,
			);
			defaultConfigurationIsVisible = 0;
			defaultConfigurationName = Release;
		};
		F8A3772A222D1BFC0082E167 /* Build configuration list for PBXNativeTarget "faceIt" */ = {
			isa = XCConfigurationList;
			buildConfigurations = (
				F8A3772B222D1BFC0082E167 /* Debug */,
				F8A3772C222D1BFC0082E167 /* Release */,
			);
			defaultConfigurationIsVisible = 0;
			defaultConfigurationName = Release;
		};
/* End XCConfigurationList section */
	};
	rootObject = F8A37710222D1BF70082E167 /* Project object */;
}
